<?xml version="1.0" encoding="utf-8"?>
<Project ToolsVersion="4.0" xmlns="http://schemas.microsoft.com/developer/msbuild/2003">
  <ItemGroup>
    <Filter Include="Source Files">
      <UniqueIdentifier>{4FC737F1-C7A5-4376-A066-2A32D752A2FF}</UniqueIdentifier>
      <Extensions>cpp;c;cc;cxx;def;odl;idl;hpj;bat;asm;asmx</Extensions>
    </Filter>
    <Filter Include="Header Files">
      <UniqueIdentifier>{93995380-89BD-4b04-88EB-625FBE52EBFB}</UniqueIdentifier>
      <Extensions>h;hpp;hxx;hm;inl;inc;xsd</Extensions>
    </Filter>
    <Filter Include="Resource Files">
      <UniqueIdentifier>{67DA6AB6-F800-4c08-8B7A-83BB121AAD01}</UniqueIdentifier>
      <Extensions>rc;ico;cur;bmp;dlg;rc2;rct;bin;rgs;gif;jpg;jpeg;jpe;resx;tiff;tif;png;wav;mfcribbon-ms</Extensions>
    </Filter>
    <Filter Include="util">
      <UniqueIdentifier>{f4a0353a-a780-4e91-a96d-d45c0f36fa55}</UniqueIdentifier>
    </Filter>
  </ItemGroup>
  <ItemGroup>
    <ClCompile Include="..\SIDBlasterInterface.cpp">
      <Filter>Source Files</Filter>
    </ClCompile>
    <ClCompile Include="..\CommandDispatcher.cpp">
      <Filter>Source Files</Filter>
    </ClCompile>
    <ClCompile Include="..\CommandReceiver.cpp">
      <Filter>Source Files</Filter>
    </ClCompile>
    <ClCompile Include="..\DebugSIDBlasterInterface.cpp">
      <Filter>Source Files</Filter>
    </ClCompile>
    <ClCompile Include="..\SIDBlasterInterfaceImpl.cpp">
      <Filter>Source Files</Filter>
    </ClCompile>
    <ClCompile Include="..\..\util\EventObject.cpp">
      <Filter>util</Filter>
    </ClCompile>
    <ClCompile Include="..\..\util\MutexObject.cpp">
      <Filter>util</Filter>
    </ClCompile>
    <ClCompile Include="..\..\util\ThreadObject.cpp">
      <Filter>util</Filter>
    </ClCompile>
  </ItemGroup>
  <ItemGroup>
    <ClInclude Include="..\SIDBlasterInterface.h">
      <Filter>Source Files</Filter>
    </ClInclude>
    <ClInclude Include="..\DebugSIDBlasterInterface.h">
      <Filter>Source Files</Filter>
    </ClInclude>
    <ClInclude Include="..\CommandReceiver.h">
      <Filter>Source Files</Filter>
    </ClInclude>
    <ClInclude Include="..\CommandDispatcher.h">
      <Filter>Source Files</Filter>
    </ClInclude>
    <ClInclude Include="..\SIDBlasterInterfaceImpl.h">
      <Filter>Source Files</Filter>
    </ClInclude>
    <ClInclude Include="..\ILogger.h">
      <Filter>Source Files</Filter>
    </ClInclude>
    <ClInclude Include="..\..\util\EventObject.h">
      <Filter>util</Filter>
    </ClInclude>
    <ClInclude Include="..\..\util\ThreadObject.h">
      <Filter>util</Filter>
    </ClInclude>
    <ClInclude Include="..\..\util\MutexObject.h">
      <Filter>util</Filter>
    </ClInclude>
  </ItemGroup>
</Project>